hash: 9565169ecd5f0cb27f582e83f63a4d38c6311bb485d5793f1ea023d87be23524
updated: 2016-12-25T10:30:12.950411137-06:00
imports:
- name: github.com/satori/go.uuid
  version: b061729afc07e77a8aa4fad0a2fd840958f1942a
- name: golang.org/x/crypto
  version: 9b1a210a06ea1176ec1f0a1ddf83ad7463b8ea3e
  subpackages:
  - pbkdf2
  - scrypt
- name: gopkg.in/yaml.v2
  version: a5b47d31c556af34a302ce5d659e6fea44d90de0
testImports: []
