hash: da3454015c1aa251ba3f884dd1ed45047aaa3ea956481a3e3aff941906ca262f
updated: 2016-12-30T00:35:55.317830245-06:00
imports:
- name: github.com/99designs/basicauth-go
  version: 2a93ba0f464da2a77748a1dc2e9e5bea8bbdd4b9
- name: github.com/facebookgo/clock
  version: 600d898af40aa09a7a93ecb9265d87b0504b6f03
- name: github.com/facebookgo/httpdown
  version: a3b1354551a26449fbe05f5d855937f6e7acbd71
- name: github.com/facebookgo/stats
  version: 1b76add642e42c6ffba7211ad7b3939ce654526e
- name: github.com/howeyc/gopass
  version: f5387c492211eb133053880d23dfae62aa14123d
- name: github.com/Masterminds/glide
  version: 84607742b10f492430762d038e954236bbaf23f7
- name: github.com/pressly/chi
  version: 5a8c2b83d3dbb4628a361cf2e8355a9ae6eba5a4
- name: github.com/satori/go.uuid
  version: f9ab0dce87d815821e221626b772e3475a0d2749
- name: github.com/termie/go-shutil
  version: bcacb06fecaeec8dc42af03c87c6949f4a05c74c
- name: github.com/urfave/cli
  version: 0bdeddeeb0f650497d603c4ad7b20cfe685682f6
- name: golang.org/x/crypto
  version: 9b1a210a06ea1176ec1f0a1ddf83ad7463b8ea3e
  subpackages:
  - pbkdf2
  - scrypt
  - ssh/terminal
- name: golang.org/x/sys
  version: d4feaf1a7e61e1d9e79e6c4e76c6349e9cab0a03
  subpackages:
  - unix
- name: gopkg.in/yaml.v2
  version: a83829b6f1293c91addabc89d0571c246397bbf4
testImports: []
